{
  "name": "loaf",
  "version": "0.2.20",
  "lockfileVersion": 3,
  "requires": true,
  "packages": {
    "": {
      "name": "loaf",
      "version": "0.2.20",
      "license": "MIT",
      "bin": {
        "loaf": "bin/loaf"
      },
      "devDependencies": {},
      "engines": {
        "node": ">=22"
      }
    }
  }
}
